
Microsoft Visual Studio Solution File, Format Version 12.00
# Visual Studio Version 17
VisualStudioVersion = 17.0.31903.59
MinimumVisualStudioVersion = 10.0.40219.1
Project("{FAE04EC0-301F-11D3-BF4B-00C04F79EFBC}") = "BidAPI", "BidAPI\BidAPI.csproj", "{5355EE0C-3604-4066-BA96-295173E0FEEF}"
EndProject
Project("{FAE04EC0-301F-11D3-BF4B-00C04F79EFBC}") = "BidAPI.Tests", "BidAPI.Tests\BidAPI.Tests.csproj", "{0BF6C4D0-2E34-4D8E-BC01-02EB8E8BAF56}"
EndProject
Global
	GlobalSection(SolutionConfigurationPlatforms) = preSolution
		Debug|Any CPU = Debug|Any CPU
		Release|Any CPU = Release|Any CPU
	EndGlobalSection
	GlobalSection(SolutionProperties) = preSolution
		HideSolutionNode = FALSE
	EndGlobalSection
	GlobalSection(ProjectConfigurationPlatforms) = postSolution
		{5355EE0C-3604-4066-BA96-295173E0FEEF}.Debug|Any CPU.ActiveCfg = Debug|Any CPU
		{5355EE0C-3604-4066-BA96-295173E0FEEF}.Debug|Any CPU.Build.0 = Debug|Any CPU
		{5355EE0C-3604-4066-BA96-295173E0FEEF}.Release|Any CPU.ActiveCfg = Release|Any CPU
		{5355EE0C-3604-4066-BA96-295173E0FEEF}.Release|Any CPU.Build.0 = Release|Any CPU
		{0BF6C4D0-2E34-4D8E-BC01-02EB8E8BAF56}.Debug|Any CPU.ActiveCfg = Debug|Any CPU
		{0BF6C4D0-2E34-4D8E-BC01-02EB8E8BAF56}.Debug|Any CPU.Build.0 = Debug|Any CPU
		{0BF6C4D0-2E34-4D8E-BC01-02EB8E8BAF56}.Release|Any CPU.ActiveCfg = Release|Any CPU
		{0BF6C4D0-2E34-4D8E-BC01-02EB8E8BAF56}.Release|Any CPU.Build.0 = Release|Any CPU
	EndGlobalSection
EndGlobal
